// !$*UTF8*$!
{
	archiveVersion = 1;
	classes = {
	};
	objectVersion = 46;
	objects = {

/* Begin PBXBuildFile section */
		5239E42D1F5E325500C0D59E /* main.m in Sources */ = {isa = PBXBuildFile; fileRef = 5239E42C1F5E325500C0D59E /* main.m */; };
		5239E4301F5E325500C0D59E /* AppDelegate.m in Sources */ = {isa = PBXBuildFile; fileRef = 5239E42F1F5E325500C0D59E /* AppDelegate.m */; };
		5239E4331F5E325500C0D59E /* ViewController.m in Sources */ = {isa = PBXBuildFile; fileRef = 5239E4321F5E325500C0D59E /* ViewController.m */; };
		5239E4361F5E325500C0D59E /* Main.storyboard in Resources */ = {isa = PBXBuildFile; fileRef = 5239E4341F5E325500C0D59E /* Main.storyboard */; };
		5239E4381F5E325500C0D59E /* images.xcassets in Resources */ = {isa = PBXBuildFile; fileRef = 5239E4371F5E325500C0D59E /* images.xcassets */; };
		5239E43B1F5E325500C0D59E /* LaunchScreen.storyboard in Resources */ = {isa = PBXBuildFile; fileRef = 5239E4391F5E325500C0D59E /* LaunchScreen.storyboard */; };
		5239E4461F5E325500C0D59E /* SinkOrSwimTests.m in Sources */ = {isa = PBXBuildFile; fileRef = 5239E4451F5E325500C0D59E /* SinkOrSwimTests.m */; };
		5239E4511F5E325500C0D59E /* SinkOrSwimUITests.m in Sources */ = {isa = PBXBuildFile; fileRef = 5239E4501F5E325500C0D59E /* SinkOrSwimUITests.m */; };
		5239E4601F5E441900C0D59E /* ImageModel.m in Sources */ = {isa = PBXBuildFile; fileRef = 5239E45F1F5E441900C0D59E /* ImageModel.m */; };
		5264916A1F606A770058542F /* TableViewController.m in Sources */ = {isa = PBXBuildFile; fileRef = 526491691F606A770058542F /* TableViewController.m */; };
		5264916D1F60813D0058542F /* CollectionViewController.m in Sources */ = {isa = PBXBuildFile; fileRef = 5264916C1F60813D0058542F /* CollectionViewController.m */; };
		526491701F60835D0058542F /* CollectionViewCell.m in Sources */ = {isa = PBXBuildFile; fileRef = 5264916F1F60835D0058542F /* CollectionViewCell.m */; };
/* End PBXBuildFile section */

/* Begin PBXContainerItemProxy section */
		5239E4421F5E325500C0D59E /* PBXContainerItemProxy */ = {
			isa = PBXContainerItemProxy;
			containerPortal = 5239E4201F5E325400C0D59E /* Project object */;
			proxyType = 1;
			remoteGlobalIDString = 5239E4271F5E325400C0D59E;
			remoteInfo = SinkOrSwim;
		};
		5239E44D1F5E325500C0D59E /* PBXContainerItemProxy */ = {
			isa = PBXContainerItemProxy;
			containerPortal = 5239E4201F5E325400C0D59E /* Project object */;
			proxyType = 1;
			remoteGlobalIDString = 5239E4271F5E325400C0D59E;
			remoteInfo = SinkOrSwim;
		};
/* End PBXContainerItemProxy section */

/* Begin PBXFileReference section */
		5239E4281F5E325500C0D59E /* SinkOrSwim.app */ = {isa = PBXFileReference; explicitFileType = wrapper.application; includeInIndex = 0; path = SinkOrSwim.app; sourceTree = BUILT_PRODUCTS_DIR; };
		5239E42C1F5E325500C0D59E /* main.m */ = {isa = PBXFileReference; lastKnownFileType = sourcecode.c.objc; path = main.m; sourceTree = "<group>"; };
		5239E42E1F5E325500C0D59E /* AppDelegate.h */ = {isa = PBXFileReference; lastKnownFileType = sourcecode.c.h; path = AppDelegate.h; sourceTree = "<group>"; };
		5239E42F1F5E325500C0D59E /* AppDelegate.m */ = {isa = PBXFileReference; lastKnownFileType = sourcecode.c.objc; path = AppDelegate.m; sourceTree = "<group>"; };
		5239E4311F5E325500C0D59E /* ViewController.h */ = {isa = PBXFileReference; lastKnownFileType = sourcecode.c.h; path = ViewController.h; sourceTree = "<group>"; };
		5239E4321F5E325500C0D59E /* ViewController.m */ = {isa = PBXFileReference; lastKnownFileType = sourcecode.c.objc; path = ViewController.m; sourceTree = "<group>"; };
		5239E4351F5E325500C0D59E /* Base */ = {isa = PBXFileReference; lastKnownFileType = file.storyboard; name = Base; path = Base.lproj/Main.storyboard; sourceTree = "<group>"; };
		5239E4371F5E325500C0D59E /* images.xcassets */ = {isa = PBXFileReference; lastKnownFileType = folder.assetcatalog; path = images.xcassets; sourceTree = "<group>"; };
		5239E43A1F5E325500C0D59E /* Base */ = {isa = PBXFileReference; lastKnownFileType = file.storyboard; name = Base; path = Base.lproj/LaunchScreen.storyboard; sourceTree = "<group>"; };
		5239E43C1F5E325500C0D59E /* Info.plist */ = {isa = PBXFileReference; lastKnownFileType = text.plist.xml; path = Info.plist; sourceTree = "<group>"; };
		5239E4411F5E325500C0D59E /* SinkOrSwimTests.xctest */ = {isa = PBXFileReference; explicitFileType = wrapper.cfbundle; includeInIndex = 0; path = SinkOrSwimTests.xctest; sourceTree = BUILT_PRODUCTS_DIR; };
		5239E4451F5E325500C0D59E /* SinkOrSwimTests.m */ = {isa = PBXFileReference; lastKnownFileType = sourcecode.c.objc; path = SinkOrSwimTests.m; sourceTree = "<group>"; };
		5239E4471F5E325500C0D59E /* Info.plist */ = {isa = PBXFileReference; lastKnownFileType = text.plist.xml; path = Info.plist; sourceTree = "<group>"; };
		5239E44C1F5E325500C0D59E /* SinkOrSwimUITests.xctest */ = {isa = PBXFileReference; explicitFileType = wrapper.cfbundle; includeInIndex = 0; path = SinkOrSwimUITests.xctest; sourceTree = BUILT_PRODUCTS_DIR; };
		5239E4501F5E325500C0D59E /* SinkOrSwimUITests.m */ = {isa = PBXFileReference; lastKnownFileType = sourcecode.c.objc; path = SinkOrSwimUITests.m; sourceTree = "<group>"; };
		5239E4521F5E325500C0D59E /* Info.plist */ = {isa = PBXFileReference; lastKnownFileType = text.plist.xml; path = Info.plist; sourceTree = "<group>"; };
		5239E45E1F5E441900C0D59E /* ImageModel.h */ = {isa = PBXFileReference; fileEncoding = 4; lastKnownFileType = sourcecode.c.h; path = ImageModel.h; sourceTree = "<group>"; };
		5239E45F1F5E441900C0D59E /* ImageModel.m */ = {isa = PBXFileReference; fileEncoding = 4; lastKnownFileType = sourcecode.c.objc; path = ImageModel.m; sourceTree = "<group>"; };
		526491681F606A770058542F /* TableViewController.h */ = {isa = PBXFileReference; fileEncoding = 4; lastKnownFileType = sourcecode.c.h; path = TableViewController.h; sourceTree = "<group>"; };
		526491691F606A770058542F /* TableViewController.m */ = {isa = PBXFileReference; fileEncoding = 4; lastKnownFileType = sourcecode.c.objc; path = TableViewController.m; sourceTree = "<group>"; };
		5264916B1F60813D0058542F /* CollectionViewController.h */ = {isa = PBXFileReference; fileEncoding = 4; lastKnownFileType = sourcecode.c.h; path = CollectionViewController.h; sourceTree = "<group>"; };
		5264916C1F60813D0058542F /* CollectionViewController.m */ = {isa = PBXFileReference; fileEncoding = 4; lastKnownFileType = sourcecode.c.objc; path = CollectionViewController.m; sourceTree = "<group>"; };
		5264916E1F60835D0058542F /* CollectionViewCell.h */ = {isa = PBXFileReference; fileEncoding = 4; lastKnownFileType = sourcecode.c.h; path = CollectionViewCell.h; sourceTree = "<group>"; };
		5264916F1F60835D0058542F /* CollectionViewCell.m */ = {isa = PBXFileReference; fileEncoding = 4; lastKnownFileType = sourcecode.c.objc; path = CollectionViewCell.m; sourceTree = "<group>"; };
/* End PBXFileReference section */

/* Begin PBXFrameworksBuildPhase section */
		5239E4251F5E325400C0D59E /* Frameworks */ = {
			isa = PBXFrameworksBuildPhase;
			buildActionMask = 2147483647;
			files = (
			);
			runOnlyForDeploymentPostprocessing = 0;
		};
		5239E43E1F5E325500C0D59E /* Frameworks */ = {
			isa = PBXFrameworksBuildPhase;
			buildActionMask = 2147483647;
			files = (
			);
			runOnlyForDeploymentPostprocessing = 0;
		};
		5239E4491F5E325500C0D59E /* Frameworks */ = {
			isa = PBXFrameworksBuildPhase;
			buildActionMask = 2147483647;
			files = (
			);
			runOnlyForDeploymentPostprocessing = 0;
		};
/* End PBXFrameworksBuildPhase section */

/* Begin PBXGroup section */
		5239E41F1F5E325400C0D59E = {
			isa = PBXGroup;
			children = (
				5239E42A1F5E325500C0D59E /* SinkOrSwim */,
				5239E4441F5E325500C0D59E /* SinkOrSwimTests */,
				5239E44F1F5E325500C0D59E /* SinkOrSwimUITests */,
				5239E4291F5E325500C0D59E /* Products */,
			);
			sourceTree = "<group>";
		};
		5239E4291F5E325500C0D59E /* Products */ = {
			isa = PBXGroup;
			children = (
				5239E4281F5E325500C0D59E /* SinkOrSwim.app */,
				5239E4411F5E325500C0D59E /* SinkOrSwimTests.xctest */,
				5239E44C1F5E325500C0D59E /* SinkOrSwimUITests.xctest */,
			);
			name = Products;
			sourceTree = "<group>";
		};
		5239E42A1F5E325500C0D59E /* SinkOrSwim */ = {
			isa = PBXGroup;
			children = (
				5239E42E1F5E325500C0D59E /* AppDelegate.h */,
				5239E45E1F5E441900C0D59E /* ImageModel.h */,
				5239E45F1F5E441900C0D59E /* ImageModel.m */,
				5239E42F1F5E325500C0D59E /* AppDelegate.m */,
				5239E4311F5E325500C0D59E /* ViewController.h */,
				5239E4321F5E325500C0D59E /* ViewController.m */,
				5239E4341F5E325500C0D59E /* Main.storyboard */,
				5264916B1F60813D0058542F /* CollectionViewController.h */,
				5264916C1F60813D0058542F /* CollectionViewController.m */,
				5264916E1F60835D0058542F /* CollectionViewCell.h */,
				5264916F1F60835D0058542F /* CollectionViewCell.m */,
				526491681F606A770058542F /* TableViewController.h */,
				526491691F606A770058542F /* TableViewController.m */,
				5239E4371F5E325500C0D59E /* images.xcassets */,
				5239E4391F5E325500C0D59E /* LaunchScreen.storyboard */,
				5239E43C1F5E325500C0D59E /* Info.plist */,
				5239E42B1F5E325500C0D59E /* Supporting Files */,
			);
			path = SinkOrSwim;
			sourceTree = "<group>";
		};
		5239E42B1F5E325500C0D59E /* Supporting Files */ = {
			isa = PBXGroup;
			children = (
				5239E42C1F5E325500C0D59E /* main.m */,
			);
			name = "Supporting Files";
			sourceTree = "<group>";
		};
		5239E4441F5E325500C0D59E /* SinkOrSwimTests */ = {
			isa = PBXGroup;
			children = (
				5239E4451F5E325500C0D59E /* SinkOrSwimTests.m */,
				5239E4471F5E325500C0D59E /* Info.plist */,
			);
			path = SinkOrSwimTests;
			sourceTree = "<group>";
		};
		5239E44F1F5E325500C0D59E /* SinkOrSwimUITests */ = {
			isa = PBXGroup;
			children = (
				5239E4501F5E325500C0D59E /* SinkOrSwimUITests.m */,
				5239E4521F5E325500C0D59E /* Info.plist */,
			);
			path = SinkOrSwimUITests;
			sourceTree = "<group>";
		};
/* End PBXGroup section */

/* Begin PBXNativeTarget section */
		5239E4271F5E325400C0D59E /* SinkOrSwim */ = {
			isa = PBXNativeTarget;
			buildConfigurationList = 5239E4551F5E325500C0D59E /* Build configuration list for PBXNativeTarget "SinkOrSwim" */;
			buildPhases = (
				5239E4241F5E325400C0D59E /* Sources */,
				5239E4251F5E325400C0D59E /* Frameworks */,
				5239E4261F5E325400C0D59E /* Resources */,
			);
			buildRules = (
			);
			dependencies = (
			);
			name = SinkOrSwim;
			productName = SinkOrSwim;
			productReference = 5239E4281F5E325500C0D59E /* SinkOrSwim.app */;
			productType = "com.apple.product-type.application";
		};
		5239E4401F5E325500C0D59E /* SinkOrSwimTests */ = {
			isa = PBXNativeTarget;
			buildConfigurationList = 5239E4581F5E325500C0D59E /* Build configuration list for PBXNativeTarget "SinkOrSwimTests" */;
			buildPhases = (
				5239E43D1F5E325500C0D59E /* Sources */,
				5239E43E1F5E325500C0D59E /* Frameworks */,
				5239E43F1F5E325500C0D59E /* Resources */,
			);
			buildRules = (
			);
			dependencies = (
				5239E4431F5E325500C0D59E /* PBXTargetDependency */,
			);
			name = SinkOrSwimTests;
			productName = SinkOrSwimTests;
			productReference = 5239E4411F5E325500C0D59E /* SinkOrSwimTests.xctest */;
			productType = "com.apple.product-type.bundle.unit-test";
		};
		5239E44B1F5E325500C0D59E /* SinkOrSwimUITests */ = {
			isa = PBXNativeTarget;
			buildConfigurationList = 5239E45B1F5E325500C0D59E /* Build configuration list for PBXNativeTarget "SinkOrSwimUITests" */;
			buildPhases = (
				5239E4481F5E325500C0D59E /* Sources */,
				5239E4491F5E325500C0D59E /* Frameworks */,
				5239E44A1F5E325500C0D59E /* Resources */,
			);
			buildRules = (
			);
			dependencies = (
				5239E44E1F5E325500C0D59E /* PBXTargetDependency */,
			);
			name = SinkOrSwimUITests;
			productName = SinkOrSwimUITests;
			productReference = 5239E44C1F5E325500C0D59E /* SinkOrSwimUITests.xctest */;
			productType = "com.apple.product-type.bundle.ui-testing";
		};
/* End PBXNativeTarget section */

/* Begin PBXProject section */
		5239E4201F5E325400C0D59E /* Project object */ = {
			isa = PBXProject;
			attributes = {
				LastUpgradeCheck = 0830;
				ORGANIZATIONNAME = "Elena Sharp";
				TargetAttributes = {
					5239E4271F5E325400C0D59E = {
						CreatedOnToolsVersion = 8.3.3;
						ProvisioningStyle = Automatic;
					};
					5239E4401F5E325500C0D59E = {
						CreatedOnToolsVersion = 8.3.3;
						ProvisioningStyle = Automatic;
						TestTargetID = 5239E4271F5E325400C0D59E;
					};
					5239E44B1F5E325500C0D59E = {
						CreatedOnToolsVersion = 8.3.3;
						ProvisioningStyle = Automatic;
						TestTargetID = 5239E4271F5E325400C0D59E;
					};
				};
			};
			buildConfigurationList = 5239E4231F5E325400C0D59E /* Build configuration list for PBXProject "SinkOrSwim" */;
			compatibilityVersion = "Xcode 3.2";
			developmentRegion = English;
			hasScannedForEncodings = 0;
			knownRegions = (
				en,
				Base,
			);
			mainGroup = 5239E41F1F5E325400C0D59E;
			productRefGroup = 5239E4291F5E325500C0D59E /* Products */;
			projectDirPath = "";
			projectRoot = "";
			targets = (
				5239E4271F5E325400C0D59E /* SinkOrSwim */,
				5239E4401F5E325500C0D59E /* SinkOrSwimTests */,
				5239E44B1F5E325500C0D59E /* SinkOrSwimUITests */,
			);
		};
/* End PBXProject section */

/* Begin PBXResourcesBuildPhase section */
		5239E4261F5E325400C0D59E /* Resources */ = {
			isa = PBXResourcesBuildPhase;
			buildActionMask = 2147483647;
			files = (
				5239E43B1F5E325500C0D59E /* LaunchScreen.storyboard in Resources */,
				5239E4381F5E325500C0D59E /* images.xcassets in Resources */,
				5239E4361F5E325500C0D59E /* Main.storyboard in Resources */,
			);
			runOnlyForDeploymentPostprocessing = 0;
		};
		5239E43F1F5E325500C0D59E /* Resources */ = {
			isa = PBXResourcesBuildPhase;
			buildActionMask = 2147483647;
			files = (
			);
			runOnlyForDeploymentPostprocessing = 0;
		};
		5239E44A1F5E325500C0D59E /* Resources */ = {
			isa = PBXResourcesBuildPhase;
			buildActionMask = 2147483647;
			files = (
			);
			runOnlyForDeploymentPostprocessing = 0;
		};
/* End PBXResourcesBuildPhase section */

/* Begin PBXSourcesBuildPhase section */
		5239E4241F5E325400C0D59E /* Sources */ = {
			isa = PBXSourcesBuildPhase;
			buildActionMask = 2147483647;
			files = (
				5239E4331F5E325500C0D59E /* ViewController.m in Sources */,
				5239E4301F5E325500C0D59E /* AppDelegate.m in Sources */,
				5264916D1F60813D0058542F /* CollectionViewController.m in Sources */,
				5239E42D1F5E325500C0D59E /* main.m in Sources */,
				5264916A1F606A770058542F /* TableViewController.m in Sources */,
				526491701F60835D0058542F /* CollectionViewCell.m in Sources */,
				5239E4601F5E441900C0D59E /* ImageModel.m in Sources */,
			);
			runOnlyForDeploymentPostprocessing = 0;
		};
		5239E43D1F5E325500C0D59E /* Sources */ = {
			isa = PBXSourcesBuildPhase;
			buildActionMask = 2147483647;
			files = (
				5239E4461F5E325500C0D59E /* SinkOrSwimTests.m in Sources */,
			);
			runOnlyForDeploymentPostprocessing = 0;
		};
		5239E4481F5E325500C0D59E /* Sources */ = {
			isa = PBXSourcesBuildPhase;
			buildActionMask = 2147483647;
			files = (
				5239E4511F5E325500C0D59E /* SinkOrSwimUITests.m in Sources */,
			);
			runOnlyForDeploymentPostprocessing = 0;
		};
/* End PBXSourcesBuildPhase section */

/* Begin PBXTargetDependency section */
		5239E4431F5E325500C0D59E /* PBXTargetDependency */ = {
			isa = PBXTargetDependency;
			target = 5239E4271F5E325400C0D59E /* SinkOrSwim */;
			targetProxy = 5239E4421F5E325500C0D59E /* PBXContainerItemProxy */;
		};
		5239E44E1F5E325500C0D59E /* PBXTargetDependency */ = {
			isa = PBXTargetDependency;
			target = 5239E4271F5E325400C0D59E /* SinkOrSwim */;
			targetProxy = 5239E44D1F5E325500C0D59E /* PBXContainerItemProxy */;
		};
/* End PBXTargetDependency section */

/* Begin PBXVariantGroup section */
		5239E4341F5E325500C0D59E /* Main.storyboard */ = {
			isa = PBXVariantGroup;
			children = (
				5239E4351F5E325500C0D59E /* Base */,
			);
			name = Main.storyboard;
			sourceTree = "<group>";
		};
		5239E4391F5E325500C0D59E /* LaunchScreen.storyboard */ = {
			isa = PBXVariantGroup;
			children = (
				5239E43A1F5E325500C0D59E /* Base */,
			);
			name = LaunchScreen.storyboard;
			sourceTree = "<group>";
		};
/* End PBXVariantGroup section */

/* Begin XCBuildConfiguration section */
		5239E4531F5E325500C0D59E /* Debug */ = {
			isa = XCBuildConfiguration;
			buildSettings = {
				ALWAYS_SEARCH_USER_PATHS = NO;
				CLANG_ANALYZER_NONNULL = YES;
				CLANG_ANALYZER_NUMBER_OBJECT_CONVERSION = YES_AGGRESSIVE;
				CLANG_CXX_LANGUAGE_STANDARD = "gnu++0x";
				CLANG_CXX_LIBRARY = "libc++";
				CLANG_ENABLE_MODULES = YES;
				CLANG_ENABLE_OBJC_ARC = YES;
				CLANG_WARN_BOOL_CONVERSION = YES;
				CLANG_WARN_CONSTANT_CONVERSION = YES;
				CLANG_WARN_DIRECT_OBJC_ISA_USAGE = YES_ERROR;
				CLANG_WARN_DOCUMENTATION_COMMENTS = YES;
				CLANG_WARN_EMPTY_BODY = YES;
				CLANG_WARN_ENUM_CONVERSION = YES;
				CLANG_WARN_INFINITE_RECURSION = YES;
				CLANG_WARN_INT_CONVERSION = YES;
				CLANG_WARN_OBJC_ROOT_CLASS = YES_ERROR;
				CLANG_WARN_SUSPICIOUS_MOVE = YES;
				CLANG_WARN_UNREACHABLE_CODE = YES;
				CLANG_WARN__DUPLICATE_METHOD_MATCH = YES;
				"CODE_SIGN_IDENTITY[sdk=iphoneos*]" = "iPhone Developer";
				COPY_PHASE_STRIP = NO;
				DEBUG_INFORMATION_FORMAT = dwarf;
				ENABLE_STRICT_OBJC_MSGSEND = YES;
				ENABLE_TESTABILITY = YES;
				GCC_C_LANGUAGE_STANDARD = gnu99;
				GCC_DYNAMIC_NO_PIC = NO;
				GCC_NO_COMMON_BLOCKS = YES;
				GCC_OPTIMIZATION_LEVEL = 0;
				GCC_PREPROCESSOR_DEFINITIONS = (
					"DEBUG=1",
					"$(inherited)",
				);
				GCC_WARN_64_TO_32_BIT_CONVERSION = YES;
				GCC_WARN_ABOUT_RETURN_TYPE = YES_ERROR;
				GCC_WARN_UNDECLARED_SELECTOR = YES;
				GCC_WARN_UNINITIALIZED_AUTOS = YES_AGGRESSIVE;
				GCC_WARN_UNUSED_FUNCTION = YES;
				GCC_WARN_UNUSED_VARIABLE = YES;
				IPHONEOS_DEPLOYMENT_TARGET = 10.3;
				MTL_ENABLE_DEBUG_INFO = YES;
				ONLY_ACTIVE_ARCH = YES;
				SDKROOT = iphoneos;
			};
			name = Debug;
		};
		5239E4541F5E325500C0D59E /* Release */ = {
			isa = XCBuildConfiguration;
			buildSettings = {
				ALWAYS_SEARCH_USER_PATHS = NO;
				CLANG_ANALYZER_NONNULL = YES;
				CLANG_ANALYZER_NUMBER_OBJECT_CONVERSION = YES_AGGRESSIVE;
				CLANG_CXX_LANGUAGE_STANDARD = "gnu++0x";
				CLANG_CXX_LIBRARY = "libc++";
				CLANG_ENABLE_MODULES = YES;
				CLANG_ENABLE_OBJC_ARC = YES;
				CLANG_WARN_BOOL_CONVERSION = YES;
				CLANG_WARN_CONSTANT_CONVERSION = YES;
				CLANG_WARN_DIRECT_OBJC_ISA_USAGE = YES_ERROR;
				CLANG_WARN_DOCUMENTATION_COMMENTS = YES;
				CLANG_WARN_EMPTY_BODY = YES;
				CLANG_WARN_ENUM_CONVERSION = YES;
				CLANG_WARN_INFINITE_RECURSION = YES;
				CLANG_WARN_INT_CONVERSION = YES;
				CLANG_WARN_OBJC_ROOT_CLASS = YES_ERROR;
				CLANG_WARN_SUSPICIOUS_MOVE = YES;
				CLANG_WARN_UNREACHABLE_CODE = YES;
				CLANG_WARN__DUPLICATE_METHOD_MATCH = YES;
				"CODE_SIGN_IDENTITY[sdk=iphoneos*]" = "iPhone Developer";
				COPY_PHASE_STRIP = NO;
				DEBUG_INFORMATION_FORMAT = "dwarf-with-dsym";
				ENABLE_NS_ASSERTIONS = NO;
				ENABLE_STRICT_OBJC_MSGSEND = YES;
				GCC_C_LANGUAGE_STANDARD = gnu99;
				GCC_NO_COMMON_BLOCKS = YES;
				GCC_WARN_64_TO_32_BIT_CONVERSION = YES;
				GCC_WARN_ABOUT_RETURN_TYPE = YES_ERROR;
				GCC_WARN_UNDECLARED_SELECTOR = YES;
				GCC_WARN_UNINITIALIZED_AUTOS = YES_AGGRESSIVE;
				GCC_WARN_UNUSED_FUNCTION = YES;
				GCC_WARN_UNUSED_VARIABLE = YES;
				IPHONEOS_DEPLOYMENT_TARGET = 10.3;
				MTL_ENABLE_DEBUG_INFO = NO;
				SDKROOT = iphoneos;
				VALIDATE_PRODUCT = YES;
			};
			name = Release;
		};
		5239E4561F5E325500C0D59E /* Debug */ = {
			isa = XCBuildConfiguration;
			buildSettings = {
				ASSETCATALOG_COMPILER_APPICON_NAME = AppIcon;
				INFOPLIST_FILE = SinkOrSwim/Info.plist;
				IPHONEOS_DEPLOYMENT_TARGET = 10.2;
				LD_RUNPATH_SEARCH_PATHS = "$(inherited) @executable_path/Frameworks";
				PRODUCT_BUNDLE_IDENTIFIER = SMU.SinkOrSwim;
				PRODUCT_NAME = "$(TARGET_NAME)";
			};
			name = Debug;
		};
		5239E4571F5E325500C0D59E /* Release */ = {
			isa = XCBuildConfiguration;
			buildSettings = {
				ASSETCATALOG_COMPILER_APPICON_NAME = AppIcon;
				INFOPLIST_FILE = SinkOrSwim/Info.plist;
				IPHONEOS_DEPLOYMENT_TARGET = 10.2;
				LD_RUNPATH_SEARCH_PATHS = "$(inherited) @executable_path/Frameworks";
				PRODUCT_BUNDLE_IDENTIFIER = SMU.SinkOrSwim;
				PRODUCT_NAME = "$(TARGET_NAME)";
			};
			name = Release;
		};
		5239E4591F5E325500C0D59E /* Debug */ = {
			isa = XCBuildConfiguration;
			buildSettings = {
				BUNDLE_LOADER = "$(TEST_HOST)";
				INFOPLIST_FILE = SinkOrSwimTests/Info.plist;
				LD_RUNPATH_SEARCH_PATHS = "$(inherited) @executable_path/Frameworks @loader_path/Frameworks";
				PRODUCT_BUNDLE_IDENTIFIER = SMU.SinkOrSwimTests;
				PRODUCT_NAME = "$(TARGET_NAME)";
				TEST_HOST = "$(BUILT_PRODUCTS_DIR)/SinkOrSwim.app/SinkOrSwim";
			};
			name = Debug;
		};
		5239E45A1F5E325500C0D59E /* Release */ = {
			isa = XCBuildConfiguration;
			buildSettings = {
				BUNDLE_LOADER = "$(TEST_HOST)";
				INFOPLIST_FILE = SinkOrSwimTests/Info.plist;
				LD_RUNPATH_SEARCH_PATHS = "$(inherited) @executable_path/Frameworks @loader_path/Frameworks";
				PRODUCT_BUNDLE_IDENTIFIER = SMU.SinkOrSwimTests;
				PRODUCT_NAME = "$(TARGET_NAME)";
				TEST_HOST = "$(BUILT_PRODUCTS_DIR)/SinkOrSwim.app/SinkOrSwim";
			};
			name = Release;
		};
		5239E45C1F5E325500C0D59E /* Debug */ = {
			isa = XCBuildConfiguration;
			buildSettings = {
				INFOPLIST_FILE = SinkOrSwimUITests/Info.plist;
				LD_RUNPATH_SEARCH_PATHS = "$(inherited) @executable_path/Frameworks @loader_path/Frameworks";
				PRODUCT_BUNDLE_IDENTIFIER = SMU.SinkOrSwimUITests;
				PRODUCT_NAME = "$(TARGET_NAME)";
				TEST_TARGET_NAME = SinkOrSwim;
			};
			name = Debug;
		};
		5239E45D1F5E325500C0D59E /* Release */ = {
			isa = XCBuildConfiguration;
			buildSettings = {
				INFOPLIST_FILE = SinkOrSwimUITests/Info.plist;
				LD_RUNPATH_SEARCH_PATHS = "$(inherited) @executable_path/Frameworks @loader_path/Frameworks";
				PRODUCT_BUNDLE_IDENTIFIER = SMU.SinkOrSwimUITests;
				PRODUCT_NAME = "$(TARGET_NAME)";
				TEST_TARGET_NAME = SinkOrSwim;
			};
			name = Release;
		};
/* End XCBuildConfiguration section */

/* Begin XCConfigurationList section */
		5239E4231F5E325400C0D59E /* Build configuration list for PBXProject "SinkOrSwim" */ = {
			isa = XCConfigurationList;
			buildConfigurations = (
				5239E4531F5E325500C0D59E /* Debug */,
				5239E4541F5E325500C0D59E /* Release */,
			);
			defaultConfigurationIsVisible = 0;
			defaultConfigurationName = Release;
		};
		5239E4551F5E325500C0D59E /* Build configuration list for PBXNativeTarget "SinkOrSwim" */ = {
			isa = XCConfigurationList;
			buildConfigurations = (
				5239E4561F5E325500C0D59E /* Debug */,
				5239E4571F5E325500C0D59E /* Release */,
			);
			defaultConfigurationIsVisible = 0;
			defaultConfigurationName = Release;
		};
		5239E4581F5E325500C0D59E /* Build configuration list for PBXNativeTarget "SinkOrSwimTests" */ = {
			isa = XCConfigurationList;
			buildConfigurations = (
				5239E4591F5E325500C0D59E /* Debug */,
				5239E45A1F5E325500C0D59E /* Release */,
			);
			defaultConfigurationIsVisible = 0;
			defaultConfigurationName = Release;
		};
		5239E45B1F5E325500C0D59E /* Build configuration list for PBXNativeTarget "SinkOrSwimUITests" */ = {
			isa = XCConfigurationList;
			buildConfigurations = (
				5239E45C1F5E325500C0D59E /* Debug */,
				5239E45D1F5E325500C0D59E /* Release */,
			);
			defaultConfigurationIsVisible = 0;
			defaultConfigurationName = Release;
		};
/* End XCConfigurationList section */
	};
	rootObject = 5239E4201F5E325400C0D59E /* Project object */;
}
